
Microsoft Visual Studio Solution File, Format Version 12.00
# Visual Studio Version 16
VisualStudioVersion = 16.0.28803.202
MinimumVisualStudioVersion = 10.0.40219.1
Project("{778DAE3C-4631-46EA-AA77-85C1314464D9}") = "Web.vb", "Web.VB\Web.vb.vbproj", "{CE457BBF-0913-4223-850C-C89E41FAB332}"
EndProject
Project("{778DAE3C-4631-46EA-AA77-85C1314464D9}") = "Infrastructure.vb", "Infrastructure.vb\Infrastructure.vb.vbproj", "{958C75C9-B56A-4B7C-9E16-2F82638E31FA}"
EndProject
Project("{778DAE3C-4631-46EA-AA77-85C1314464D9}") = "ApplicationCore.vb", "ApplicationCore.vb\ApplicationCore.vb.vbproj", "{B098C4D5-7DBE-4FEF-A875-6CA3D401EA94}"
EndProject
Global
	GlobalSection(SolutionConfigurationPlatforms) = preSolution
		Debug|Any CPU = Debug|Any CPU
		Release|Any CPU = Release|Any CPU
	EndGlobalSection
	GlobalSection(ProjectConfigurationPlatforms) = postSolution
		{CE457BBF-0913-4223-850C-C89E41FAB332}.Debug|Any CPU.ActiveCfg = Debug|Any CPU
		{CE457BBF-0913-4223-850C-C89E41FAB332}.Debug|Any CPU.Build.0 = Debug|Any CPU
		{CE457BBF-0913-4223-850C-C89E41FAB332}.Release|Any CPU.ActiveCfg = Release|Any CPU
		{CE457BBF-0913-4223-850C-C89E41FAB332}.Release|Any CPU.Build.0 = Release|Any CPU
		{958C75C9-B56A-4B7C-9E16-2F82638E31FA}.Debug|Any CPU.ActiveCfg = Debug|Any CPU
		{958C75C9-B56A-4B7C-9E16-2F82638E31FA}.Debug|Any CPU.Build.0 = Debug|Any CPU
		{958C75C9-B56A-4B7C-9E16-2F82638E31FA}.Release|Any CPU.ActiveCfg = Release|Any CPU
		{958C75C9-B56A-4B7C-9E16-2F82638E31FA}.Release|Any CPU.Build.0 = Release|Any CPU
		{B098C4D5-7DBE-4FEF-A875-6CA3D401EA94}.Debug|Any CPU.ActiveCfg = Debug|Any CPU
		{B098C4D5-7DBE-4FEF-A875-6CA3D401EA94}.Debug|Any CPU.Build.0 = Debug|Any CPU
		{B098C4D5-7DBE-4FEF-A875-6CA3D401EA94}.Release|Any CPU.ActiveCfg = Release|Any CPU
		{B098C4D5-7DBE-4FEF-A875-6CA3D401EA94}.Release|Any CPU.Build.0 = Release|Any CPU
	EndGlobalSection
	GlobalSection(SolutionProperties) = preSolution
		HideSolutionNode = FALSE
	EndGlobalSection
	GlobalSection(ExtensibilityGlobals) = postSolution
		SolutionGuid = {8E1B2081-49EF-423B-A4E5-33D29597BBBE}
	EndGlobalSection
EndGlobal
